
Microsoft Visual Studio Solution File, Format Version 12.00
# Visual Studio 15
VisualStudioVersion = 15.0.27130.2036
MinimumVisualStudioVersion = 10.0.40219.1
Project("{FAE04EC0-301F-11D3-BF4B-00C04F79EFBC}") = "HexConverter", "HexConverter\HexConverter.csproj", "{CC649DBD-87B6-4FAF-A73A-07E37DF4B4AB}"
EndProject
Global
	GlobalSection(SolutionConfigurationPlatforms) = preSolution
		Debug|Any CPU = Debug|Any CPU
		Release|Any CPU = Release|Any CPU
	EndGlobalSection
	GlobalSection(ProjectConfigurationPlatforms) = postSolution
		{CC649DBD-87B6-4FAF-A73A-07E37DF4B4AB}.Debug|Any CPU.ActiveCfg = Debug|Any CPU
		{CC649DBD-87B6-4FAF-A73A-07E37DF4B4AB}.Debug|Any CPU.Build.0 = Debug|Any CPU
		{CC649DBD-87B6-4FAF-A73A-07E37DF4B4AB}.Release|Any CPU.ActiveCfg = Release|Any CPU
		{CC649DBD-87B6-4FAF-A73A-07E37DF4B4AB}.Release|Any CPU.Build.0 = Release|Any CPU
	EndGlobalSection
	GlobalSection(SolutionProperties) = preSolution
		HideSolutionNode = FALSE
	EndGlobalSection
	GlobalSection(ExtensibilityGlobals) = postSolution
		SolutionGuid = {C43F456E-72EB-438C-B35F-12CD4A183DF5}
	EndGlobalSection
EndGlobal
